
Microsoft Visual Studio Solution File, Format Version 12.00
# Visual Studio Version 16
VisualStudioVersion = 16.0.31129.286
MinimumVisualStudioVersion = 10.0.40219.1
Project("{FAE04EC0-301F-11D3-BF4B-00C04F79EFBC}") = "Quanliquanan01", "Quanliquanan01\Quanliquanan01.csproj", "{CED5E3C8-5992-4E59-ABE0-25FBD7B9DEAA}"
EndProject
Global
	GlobalSection(SolutionConfigurationPlatforms) = preSolution
		Debug|Any CPU = Debug|Any CPU
		Release|Any CPU = Release|Any CPU
	EndGlobalSection
	GlobalSection(ProjectConfigurationPlatforms) = postSolution
		{CED5E3C8-5992-4E59-ABE0-25FBD7B9DEAA}.Debug|Any CPU.ActiveCfg = Debug|Any CPU
		{CED5E3C8-5992-4E59-ABE0-25FBD7B9DEAA}.Debug|Any CPU.Build.0 = Debug|Any CPU
		{CED5E3C8-5992-4E59-ABE0-25FBD7B9DEAA}.Release|Any CPU.ActiveCfg = Release|Any CPU
		{CED5E3C8-5992-4E59-ABE0-25FBD7B9DEAA}.Release|Any CPU.Build.0 = Release|Any CPU
	EndGlobalSection
	GlobalSection(SolutionProperties) = preSolution
		HideSolutionNode = FALSE
	EndGlobalSection
	GlobalSection(ExtensibilityGlobals) = postSolution
		SolutionGuid = {3F9276DB-628F-463A-9302-202881216CDD}
	EndGlobalSection
EndGlobal
